github.com/opn-ooo/challenges v0.0.0-20240913094335-d0c3dabe14c6 h1:RsTJAF6OZGgZZmFN7vEKbJ2umqd8Gd1ZaBJnK5lfbiY=
github.com/opn-ooo/challenges v0.0.0-20240913094335-d0c3dabe14c6/go.mod h1:Z7pcMtrFmbxjeEThoQZIz84p1E3lTJ5oA8MozfuIftg=
github.com/shopspring/decimal v1.4.0 h1:bxl37RwXBklmTi0C79JfXCEBD1cqqHt0bbgBAGFp81k=
github.com/shopspring/decimal v1.4.0/go.mod h1:gawqmDU56v4yIKSwfBSFip1HdCCXN8/+DMd9qYNcwME=
